
Microsoft Visual Studio Solution File, Format Version 12.00
# Visual Studio Version 17
VisualStudioVersion = 17.8.34330.188
MinimumVisualStudioVersion = 10.0.40219.1
Project("{FAE04EC0-301F-11D3-BF4B-00C04F79EFBC}") = "MockingDemo_IsoFrameworks", "MockingDemo_IsoFrameworks\MockingDemo_IsoFrameworks.csproj", "{2A769EC1-7D12-4020-929C-D30EE681A639}"
EndProject
Project("{FAE04EC0-301F-11D3-BF4B-00C04F79EFBC}") = "MockingDemoTests", "MockingDemoTests\MockingDemoTests.csproj", "{94B568CC-21EC-4CC7-9CCE-F85A9EE4F641}"
EndProject
Global
	GlobalSection(SolutionConfigurationPlatforms) = preSolution
		Debug|Any CPU = Debug|Any CPU
		Release|Any CPU = Release|Any CPU
	EndGlobalSection
	GlobalSection(ProjectConfigurationPlatforms) = postSolution
		{2A769EC1-7D12-4020-929C-D30EE681A639}.Debug|Any CPU.ActiveCfg = Debug|Any CPU
		{2A769EC1-7D12-4020-929C-D30EE681A639}.Debug|Any CPU.Build.0 = Debug|Any CPU
		{2A769EC1-7D12-4020-929C-D30EE681A639}.Release|Any CPU.ActiveCfg = Release|Any CPU
		{2A769EC1-7D12-4020-929C-D30EE681A639}.Release|Any CPU.Build.0 = Release|Any CPU
		{94B568CC-21EC-4CC7-9CCE-F85A9EE4F641}.Debug|Any CPU.ActiveCfg = Debug|Any CPU
		{94B568CC-21EC-4CC7-9CCE-F85A9EE4F641}.Debug|Any CPU.Build.0 = Debug|Any CPU
		{94B568CC-21EC-4CC7-9CCE-F85A9EE4F641}.Release|Any CPU.ActiveCfg = Release|Any CPU
		{94B568CC-21EC-4CC7-9CCE-F85A9EE4F641}.Release|Any CPU.Build.0 = Release|Any CPU
	EndGlobalSection
	GlobalSection(SolutionProperties) = preSolution
		HideSolutionNode = FALSE
	EndGlobalSection
	GlobalSection(ExtensibilityGlobals) = postSolution
		SolutionGuid = {CA95A41A-9087-463E-BC90-4CDCAD1EB39F}
	EndGlobalSection
EndGlobal
